
Microsoft Visual Studio Solution File, Format Version 12.00
Project("{FAE04EC0-301F-11D3-BF4B-00C04F79EFBC}") = "Api", "Api\Api.csproj", "{680DD535-AC7C-49D9-BA34-56807CA43690}"
EndProject
Project("{FAE04EC0-301F-11D3-BF4B-00C04F79EFBC}") = "Shared", "Shared\Shared.csproj", "{2C17A538-D259-4C3E-956C-D8544BC3732D}"
EndProject
Global
	GlobalSection(SolutionConfigurationPlatforms) = preSolution
		Debug|Any CPU = Debug|Any CPU
		Release|Any CPU = Release|Any CPU
	EndGlobalSection
	GlobalSection(ProjectConfigurationPlatforms) = postSolution
		{680DD535-AC7C-49D9-BA34-56807CA43690}.Debug|Any CPU.ActiveCfg = Debug|Any CPU
		{680DD535-AC7C-49D9-BA34-56807CA43690}.Debug|Any CPU.Build.0 = Debug|Any CPU
		{680DD535-AC7C-49D9-BA34-56807CA43690}.Release|Any CPU.ActiveCfg = Release|Any CPU
		{680DD535-AC7C-49D9-BA34-56807CA43690}.Release|Any CPU.Build.0 = Release|Any CPU
		{2C17A538-D259-4C3E-956C-D8544BC3732D}.Debug|Any CPU.ActiveCfg = Debug|Any CPU
		{2C17A538-D259-4C3E-956C-D8544BC3732D}.Debug|Any CPU.Build.0 = Debug|Any CPU
		{2C17A538-D259-4C3E-956C-D8544BC3732D}.Release|Any CPU.ActiveCfg = Release|Any CPU
		{2C17A538-D259-4C3E-956C-D8544BC3732D}.Release|Any CPU.Build.0 = Release|Any CPU
	EndGlobalSection
EndGlobal
